{
  "version": "2",
  "remote": {
    "https://deno.land/std@0.153.0/_deno_unstable.ts": "4ddb8672d49d58b5bbc4a5a7a2f1b3bce4fd06aa4c8b8476728334391667de7b",
    "https://deno.land/std@0.153.0/_util/assert.ts": "e94f2eb37cebd7f199952e242c77654e43333c1ac4c5c700e929ea3aa5489f74",
    "https://deno.land/std@0.153.0/async/abortable.ts": "87aa7230be8360c24ad437212311c9e8d4328854baec27b4c7abb26e85515c06",
    "https://deno.land/std@0.153.0/async/deadline.ts": "48ac998d7564969f3e6ec6b6f9bf0217ebd00239b1b2292feba61272d5dd58d0",
    "https://deno.land/std@0.153.0/async/debounce.ts": "de5433bff08a2bb61416fc53b3bd2d5867090c8a815465e5b4a10a77495b1051",
    "https://deno.land/std@0.153.0/async/deferred.ts": "c01de44b9192359cebd3fe93273fcebf9e95110bf3360023917da9a2d1489fae",
    "https://deno.land/std@0.153.0/async/delay.ts": "d5a169caede8e1c5d46b3f25eab97db5fd1ab193fc82a53bafd3642ac42ca3c7",
    "https://deno.land/std@0.153.0/async/mod.ts": "dd0a8ed4f3984ffabe2fcca7c9f466b7932d57b1864ffee148a5d5388316db6b",
    "https://deno.land/std@0.153.0/async/mux_async_iterator.ts": "3447b28a2a582224a3d4d3596bccbba6e85040da3b97ed64012f7decce98d093",
    "https://deno.land/std@0.153.0/async/pool.ts": "ef9eb97b388543acbf0ac32647121e4dbe629236899586c4d4311a8770fbb239",
    "https://deno.land/std@0.153.0/async/tee.ts": "d27680d911816fcb3d231e16d690e7588079e66a9b2e5ce8cc354db94fdce95f",
    "https://deno.land/std@0.153.0/bytes/bytes_list.ts": "aba5e2369e77d426b10af1de0dcc4531acecec27f9b9056f4f7bfbf8ac147ab4",
    "https://deno.land/std@0.153.0/bytes/equals.ts": "3c3558c3ae85526f84510aa2b48ab2ad7bdd899e2e0f5b7a8ffc85acb3a6043a",
    "https://deno.land/std@0.153.0/bytes/mod.ts": "763f97d33051cc3f28af1a688dfe2830841192a9fea0cbaa55f927b49d49d0bf",
    "https://deno.land/std@0.153.0/fmt/colors.ts": "ff7dc9c9f33a72bd48bc24b21bbc1b4545d8494a431f17894dbc5fe92a938fc4",
    "https://deno.land/std@0.153.0/io/buffer.ts": "8232dcd8c4c7f14b95f28444454ad63750267be23e0fd7f88320c68b0f87a3b5",
    "https://deno.land/std@0.153.0/io/types.d.ts": "0cae3a62da7a37043661746c65c021058bae020b54e50c0e774916e5d4baee43",
    "https://deno.land/std@0.153.0/node/_utils.ts": "6a695598008a7bdf820b0785f3bc2fcbedbb48803365ae787e523e05b182cf73",
    "https://deno.land/std@0.153.0/node/perf_hooks.ts": "521454a3e74f0af6a2aad91fa59a22a2c7be19698106a0fbbbcf22ac33764105",
    "https://deno.land/std@0.153.0/streams/conversion.ts": "fc4eb76a14148c43f0b85e903a5a1526391aa40ed9434dc21e34f88304eb823e",
    "https://deno.land/std@0.153.0/testing/_diff.ts": "141f978a283defc367eeee3ff7b58aa8763cf7c8e0c585132eae614468e9d7b8",
    "https://deno.land/std@0.153.0/testing/_format.ts": "cd11136e1797791045e639e9f0f4640d5b4166148796cad37e6ef75f7d7f3832",
    "https://deno.land/std@0.153.0/testing/asserts.ts": "d6595cfc330b4233546a047a0d7d57940771aa9d97a172ceb91e84ae6200b3af",
    "https://deno.land/std@0.166.0/_util/asserts.ts": "d0844e9b62510f89ce1f9878b046f6a57bf88f208a10304aab50efcb48365272",
    "https://deno.land/std@0.166.0/_util/os.ts": "8a33345f74990e627b9dfe2de9b040004b08ea5146c7c9e8fe9a29070d193934",
    "https://deno.land/std@0.166.0/async/abortable.ts": "87aa7230be8360c24ad437212311c9e8d4328854baec27b4c7abb26e85515c06",
    "https://deno.land/std@0.166.0/async/deadline.ts": "48ac998d7564969f3e6ec6b6f9bf0217ebd00239b1b2292feba61272d5dd58d0",
    "https://deno.land/std@0.166.0/async/debounce.ts": "dc8b92d4a4fe7eac32c924f2b8d3e62112530db70cadce27042689d82970b350",
    "https://deno.land/std@0.166.0/async/deferred.ts": "d8fb253ffde2a056e4889ef7e90f3928f28be9f9294b6505773d33f136aab4e6",
    "https://deno.land/std@0.166.0/async/delay.ts": "0419dfc993752849692d1f9647edf13407c7facc3509b099381be99ffbc9d699",
    "https://deno.land/std@0.166.0/async/mod.ts": "dd0a8ed4f3984ffabe2fcca7c9f466b7932d57b1864ffee148a5d5388316db6b",
    "https://deno.land/std@0.166.0/async/mux_async_iterator.ts": "3447b28a2a582224a3d4d3596bccbba6e85040da3b97ed64012f7decce98d093",
    "https://deno.land/std@0.166.0/async/pool.ts": "ef9eb97b388543acbf0ac32647121e4dbe629236899586c4d4311a8770fbb239",
    "https://deno.land/std@0.166.0/async/tee.ts": "9af3a3e7612af75861308b52249e167f5ebc3dcfc8a1a4d45462d96606ee2b70",
    "https://deno.land/std@0.166.0/crypto/_fnv/fnv32.ts": "aa9bddead8c6345087d3abd4ef35fb9655622afc333fc41fff382b36e64280b5",
    "https://deno.land/std@0.166.0/crypto/_fnv/fnv64.ts": "625d7e7505b6cb2e9801b5fd6ed0a89256bac12b2bbb3e4664b85a88b0ec5bef",
    "https://deno.land/std@0.166.0/crypto/_fnv/index.ts": "a8f6a361b4c6d54e5e89c16098f99b6962a1dd6ad1307dbc97fa1ecac5d7060a",
    "https://deno.land/std@0.166.0/crypto/_fnv/util.ts": "4848313bed7f00f55be3cb080aa0583fc007812ba965b03e4009665bde614ce3",
    "https://deno.land/std@0.166.0/crypto/_wasm/lib/deno_std_wasm_crypto.generated.mjs": "71c1ac20f32fdbdc9b31a14917779c7fa392dbc8b050059cbb2c35b400b975b1",
    "https://deno.land/std@0.166.0/crypto/_wasm/mod.ts": "b49ec171049bbbaaed3c5a5a71dfcb3d09f880607c8d9c517638d0443bd0f874",
    "https://deno.land/std@0.166.0/crypto/keystack.ts": "e481eed28007395e554a435e880fee83a5c73b9259ed8a135a75e4b1e4f381f7",
    "https://deno.land/std@0.166.0/crypto/mod.ts": "ee76e7df2e3346a8233861ecb66659da37c7b7fa730b48d765f3fb80fff1819e",
    "https://deno.land/std@0.166.0/crypto/timing_safe_equal.ts": "3784958e40a5fe10429a68b75cc5f8d34356bf0bc2eb93c80c3033e2a6f17821",
    "https://deno.land/std@0.166.0/crypto/util.ts": "93fc9dbaa62421538ad60ee65337cbf1d8a0298fac3c4f70b37e5627e7e129eb",
    "https://deno.land/std@0.166.0/encoding/base64.ts": "c57868ca7fa2fbe919f57f88a623ad34e3d970d675bdc1ff3a9d02bba7409db2",
    "https://deno.land/std@0.166.0/encoding/base64url.ts": "a5f82a9fa703bd85a5eb8e7c1296bc6529e601ebd9642cc2b5eaa6b38fa9e05a",
    "https://deno.land/std@0.166.0/encoding/hex.ts": "4cc5324417cbb4ac9b828453d35aed45b9cc29506fad658f1f138d981ae33795",
    "https://deno.land/std@0.166.0/fs/_util.ts": "fdc156f897197f261a1c096dcf8ff9267ed0ff42bd5b31f55053a4763a4bae3b",
    "https://deno.land/std@0.166.0/fs/copy.ts": "37ad2d3390a672a34baf7d16a8623238906a1ee9b2c5fffc8efaa97810f4e6a9",
    "https://deno.land/std@0.166.0/fs/ensure_dir.ts": "76395fc1c989ca8d2de3aedfa8240eb8f5225cde20f926de957995b063135b80",
    "https://deno.land/std@0.166.0/http/server.ts": "e99c1bee8a3f6571ee4cdeb2966efad465b8f6fe62bec1bdb59c1f007cc4d155",
    "https://deno.land/std@0.166.0/path/_constants.ts": "df1db3ffa6dd6d1252cc9617e5d72165cd2483df90e93833e13580687b6083c3",
    "https://deno.land/std@0.166.0/path/_interface.ts": "ee3b431a336b80cf445441109d089b70d87d5e248f4f90ff906820889ecf8d09",
    "https://deno.land/std@0.166.0/path/_util.ts": "d16be2a16e1204b65f9d0dfc54a9bc472cafe5f4a190b3c8471ec2016ccd1677",
    "https://deno.land/std@0.166.0/path/common.ts": "bee563630abd2d97f99d83c96c2fa0cca7cee103e8cb4e7699ec4d5db7bd2633",
    "https://deno.land/std@0.166.0/path/glob.ts": "cb5255638de1048973c3e69e420c77dc04f75755524cb3b2e160fe9277d939ee",
    "https://deno.land/std@0.166.0/path/mod.ts": "56fec03ad0ebd61b6ab39ddb9b0ddb4c4a5c9f2f4f632e09dd37ec9ebfd722ac",
    "https://deno.land/std@0.166.0/path/posix.ts": "6b63de7097e68c8663c84ccedc0fd977656eb134432d818ecd3a4e122638ac24",
    "https://deno.land/std@0.166.0/path/separator.ts": "fe1816cb765a8068afb3e8f13ad272351c85cbc739af56dacfc7d93d710fe0f9",
    "https://deno.land/std@0.166.0/path/win32.ts": "7cebd2bda6657371adc00061a1d23fdd87bcdf64b4843bb148b0b24c11b40f69",
    "https://deno.land/x/deno_dom@v0.1.34-alpha/build/deno-wasm/deno-wasm.js": "3fa41dba4813e6d4b024a53a146b76e1afcbdf218fc02063442378c61239ed14",
    "https://deno.land/x/deno_dom@v0.1.34-alpha/deno-dom-wasm.ts": "bfd999a493a6974e9fca4d331bee03bfb68cfc600c662cd0b48b21d67a2a8ba0",
    "https://deno.land/x/deno_dom@v0.1.34-alpha/src/api.ts": "0ff5790f0a3eeecb4e00b7d8fbfa319b165962cf6d0182a65ba90f158d74f7d7",
    "https://deno.land/x/deno_dom@v0.1.34-alpha/src/constructor-lock.ts": "59714df7e0571ec7bd338903b1f396202771a6d4d7f55a452936bd0de9deb186",
    "https://deno.land/x/deno_dom@v0.1.34-alpha/src/deserialize.ts": "f4d34514ca00473ca428b69ad437ba345925744b5d791cb9552e2d7a0e7b0439",
    "https://deno.land/x/deno_dom@v0.1.34-alpha/src/dom/document-fragment.ts": "a40c6e18dd0efcf749a31552c1c9a6f7fa614452245e86ee38fc92ba0235e5ae",
    "https://deno.land/x/deno_dom@v0.1.34-alpha/src/dom/document.ts": "bcb96378097106d82e0d1a356496baea1b73f92dd7d492e6ed655016025665df",
    "https://deno.land/x/deno_dom@v0.1.34-alpha/src/dom/dom-parser.ts": "609097b426f8c2358f3e5d2bca55ed026cf26cdf86562e94130dfdb0f2537f92",
    "https://deno.land/x/deno_dom@v0.1.34-alpha/src/dom/element.ts": "312ae401081e6ce11cf62a854c0f78388e4be46579c1fdd9c1d118bc9c79db38",
    "https://deno.land/x/deno_dom@v0.1.34-alpha/src/dom/elements/html-template-element.ts": "19ad97c55222115e8daaca2788b9c98cc31a7f9d2547ed5bca0c56a4a12bfec8",
    "https://deno.land/x/deno_dom@v0.1.34-alpha/src/dom/html-collection.ts": "ae90197f5270c32074926ad6cf30ee07d274d44596c7e413c354880cebce8565",
    "https://deno.land/x/deno_dom@v0.1.34-alpha/src/dom/node-list.ts": "d9c07baf0acc383112cbabafacf26a0aedb04d0866645e7485f5ab23e470b6f8",
    "https://deno.land/x/deno_dom@v0.1.34-alpha/src/dom/node.ts": "778b7cf182105ae2c39a7d0b44aaea701c0af35e85b7cfa5e8b38f8bd67f7ad4",
    "https://deno.land/x/deno_dom@v0.1.34-alpha/src/dom/selectors/custom-api.ts": "852696bd58e534bc41bd3be9e2250b60b67cd95fd28ed16b1deff1d548531a71",
    "https://deno.land/x/deno_dom@v0.1.34-alpha/src/dom/selectors/nwsapi-types.ts": "c43b36c36acc5d32caabaa54fda8c9d239b2b0fcbce9a28efb93c84aa1021698",
    "https://deno.land/x/deno_dom@v0.1.34-alpha/src/dom/selectors/nwsapi.js": "985d7d8fc1eabbb88946b47a1c44c1b2d4aa79ff23c21424219f1528fa27a2ff",
    "https://deno.land/x/deno_dom@v0.1.34-alpha/src/dom/selectors/selectors.ts": "83eab57be2290fb48e3130533448c93c6c61239f2a2f3b85f1917f80ca0fdc75",
    "https://deno.land/x/deno_dom@v0.1.34-alpha/src/dom/selectors/sizzle-types.ts": "78149e2502409989ce861ed636b813b059e16bc267bb543e7c2b26ef43e4798b",
    "https://deno.land/x/deno_dom@v0.1.34-alpha/src/dom/selectors/sizzle.js": "c3aed60c1045a106d8e546ac2f85cc82e65f62d9af2f8f515210b9212286682a",
    "https://deno.land/x/deno_dom@v0.1.34-alpha/src/dom/utils-types.ts": "96db30e3e4a75b194201bb9fa30988215da7f91b380fca6a5143e51ece2a8436",
    "https://deno.land/x/deno_dom@v0.1.34-alpha/src/dom/utils.ts": "ecd889ba74f3ce282620d8ca1d4d5e0365e6cc86101d2352f3bbf936ae496e2c",
    "https://deno.land/x/deno_dom@v0.1.34-alpha/src/parser.ts": "b65eb7e673fa7ca611de871de109655f0aa9fa35ddc1de73df1a5fc2baafc332",
    "https://esm.sh/linkedom@0.14.16": "a9e48c4a3a6213d1b10292b924cd35aeb706b8ed7792e125f57d68d3bd29ee82",
    "https://esm.sh/preact-render-to-string@5.2.6": "b2f83ceb3137fc96a66c2c01b7d8872e02eeaabbb75a7a56a228d15ca4831bd4",
    "https://esm.sh/preact@10.12.1": "1ad967f9dbdda1c59ffb6b69a41b809ae38c1fe54dd4ddbf35a5dd61ba6ee209",
    "https://esm.sh/preact@10.12.1/jsx-runtime": "51fb5814a31955ae0b29559313fed1b2e0d0006bcd2ff17f9000f2138a2fdfb1",
    "https://esm.sh/stable/preact@10.11.3/deno/preact.js": "d17d6b3217ccb0352f68bbd47930aa25d260c1a544f45bcbcf4cd1ded9d630bb",
    "https://esm.sh/stable/preact@10.12.1/deno/jsx-runtime.js": "af7d6ef103c8375e2fffa196a625a636b386ecf0917fcb42f9351464824f9145",
    "https://esm.sh/stable/preact@10.12.1/deno/preact.js": "2a17c708ff26a32adc1258f6efce0ed34ebf9ed6836075d4a6f1d4b1a3a59f66",
    "https://esm.sh/ultrahtml@1.2.0": "163e0a8201f515fba683c2ce1cd9b188dfab7916a06024a495620eba31a25a16",
    "https://esm.sh/ultrahtml@1.2.0/jsx-runtime": "11295920e29498b61a38565dea8ef5fc143e6d01936d0e65de25adb97832fb0e",
    "https://esm.sh/v106/preact-render-to-string@5.2.6": "b2f83ceb3137fc96a66c2c01b7d8872e02eeaabbb75a7a56a228d15ca4831bd4",
    "https://esm.sh/v106/preact-render-to-string@5.2.6/deno/preact-render-to-string.js": "ca976740f7c1cfc51a83c258965b0020db0538f1bd1a2cc5c42c663e57651ebc",
    "https://esm.sh/v106/preact-render-to-string@5.2.6/src/index.d.ts": "dd5e2ae67292c22e7dadf1bfc9e6608c04abf5322f6b23dd651ed518db6aef21",
    "https://esm.sh/v106/preact@10.11.3/src/index.d.ts": "76842a9d103548261ee001f2aee5fa5cacc8b1b4b4032af537ed84603c8f4a31",
    "https://esm.sh/v106/preact@10.11.3/src/jsx.d.ts": "77ce5bd7324455c9f6dc85bfc3c94b733acb92cc98fdf82e4b1059c8bca7866d",
    "https://esm.sh/v106/preact@10.12.1/jsx-runtime/src/index.d.ts": "e153460ed2b3fe2ad8b93696ecd48fbf73cd628b0b0ea6692b71804a3af69dfd",
    "https://esm.sh/v106/preact@10.12.1/src/index.d.ts": "28f039873aef43b29eb1a10a375bde3ae1a9495f56d7255fbccbead651f82a72",
    "https://esm.sh/v106/preact@10.12.1/src/jsx.d.ts": "e9ef3c29d93668f42e0a8094384d5f76fcf6426b80922dd7f489c95925946a30",
    "https://esm.sh/v106/ultrahtml@1.2.0/deno/jsx-runtime.js": "c7119d4f070562c5e928816d6fe6fb54c51adb182c9a4d1ad77cf6ba30411358",
    "https://esm.sh/v106/ultrahtml@1.2.0/deno/ultrahtml.js": "58e693eade4d48dd6ecbbe0e989cec37af2e0bf3d4f0c94eeba6660441a9129e",
    "https://esm.sh/v106/ultrahtml@1.2.0/dist/index.d.ts": "e14909c8add25606f12711e715f138558f3291ce18a0fb2c634903fba509b681",
    "https://esm.sh/v106/ultrahtml@1.2.0/dist/jsx-runtime/index.d.ts": "106751aa9fc7a3a7f0f0d29cf465fe44a7dcd38633d6b96e83d8b1ea7585f56d",
    "https://esm.sh/v96/boolbase@1.0.0/deno/boolbase.js": "c2de9c6051e43e825cebf96303dccc8c84d84db898ee48f19cb64a52df887f31",
    "https://esm.sh/v96/canvas@2.10.1/deno/canvas.js": "44b5ad0c70281fbf1ca4fafde5cda71d165827dbc8802b9c6cbb38cf97233394",
    "https://esm.sh/v96/css-select@5.1.0/deno/css-select.js": "a766f5ee925e10ac94c0052c0368e2a5fc13987221616e7b1b0056a1747d1d7a",
    "https://esm.sh/v96/css-what@6.1.0/deno/css-what.js": "b748f3252b086c97e0acf4dcb786fd65e786d9c269e095a6454bbc9cd64bcfe3",
    "https://esm.sh/v96/cssom@0.5.0/deno/cssom.js": "7e95364494c05d636ba66d7a2bfaddfa9a2b0de1b53e9dc54ff7073451bba060",
    "https://esm.sh/v96/dom-serializer@2.0.0/deno/dom-serializer.js": "ebe65563995bb49e5e54be0cbb971e265f10c9c24bb050d131b7b3c6182331c3",
    "https://esm.sh/v96/domelementtype@2.3.0/deno/domelementtype.js": "2bbc5ada9929825ac019e137ffdb26fcf04e3eaccaf0e8d6786cd1b8bb8b8f63",
    "https://esm.sh/v96/domhandler@5.0.3/deno/domhandler.js": "4440785feffcb09a799691bfbd75718071f02631095f768571533f0515c033aa",
    "https://esm.sh/v96/domutils@3.0.1/deno/domutils.js": "c82f83e472a51f46a57b3239d140df1fecb09c00d6b96faa906b7a0dd3b3a261",
    "https://esm.sh/v96/entities@4.4.0/deno/entities.js": "05161bf9af2902fe664003cf33daaf2fbf0068de6b2c4db1239c0cb883bfd0db",
    "https://esm.sh/v96/entities@4.4.0/deno/lib/decode.js": "899639d51d3861f1dae620e9dfa4b8ca1651d34a1c9465dcfd7226dba31c2459",
    "https://esm.sh/v96/entities@4.4.0/deno/lib/escape.js": "3046762ed5a3ccdbb174c5595b1c15d3c0bde7e897130434d0dfca63a1af1aea",
    "https://esm.sh/v96/htmlparser2@8.0.1/deno/htmlparser2.js": "be465a6dfc67caf8e6447b3803de14bdc1917151b24be07d6d84099fecb8e110",
    "https://esm.sh/v96/linkedom@0.14.16/deno/linkedom.js": "f9553630efb4841d7442d350f917f2495cc524c6891d1152ab651d2c36e653f4",
    "https://esm.sh/v96/linkedom@0.14.16/types/esm/dom/parser.d.ts": "c60ecc623dd93910a50668a20b55f1d9ad5caa23af936a7f59a478e23467492e",
    "https://esm.sh/v96/linkedom@0.14.16/types/esm/html/anchor-element.d.ts": "8bcaf1ecf73af8bacb5cb382a1b75c1641175ba740d9d97c4d1d7c85e392d548",
    "https://esm.sh/v96/linkedom@0.14.16/types/esm/html/area-element.d.ts": "4765fbd1d58f74eea1cbf9da977cf0ec6ac4794fe749e6ac5ba42835bf38fb5e",
    "https://esm.sh/v96/linkedom@0.14.16/types/esm/html/audio-element.d.ts": "70f90797244ac0d7f1d7217a4cf5d084ce9c5a452778fe6bfbfc13f385735871",
    "https://esm.sh/v96/linkedom@0.14.16/types/esm/html/base-element.d.ts": "ed768f82ae3bf6c4c5f1df97f011ebf77524799fed2e533e50f8b7276e183ffa",
    "https://esm.sh/v96/linkedom@0.14.16/types/esm/html/body-element.d.ts": "5e9c88404224db99e0360df2928c73a1f89a92a10d6702bdd8575192055d20c6",
    "https://esm.sh/v96/linkedom@0.14.16/types/esm/html/br-element.d.ts": "321ac70ae41868699160733c1e0c04fec51eb906ee6d4c9a9ef94df637ee83f3",
    "https://esm.sh/v96/linkedom@0.14.16/types/esm/html/button-element.d.ts": "89487823edff51acb77bf8c0ae8bccd8d0573c509804affc49d3caa322903998",
    "https://esm.sh/v96/linkedom@0.14.16/types/esm/html/canvas-element.d.ts": "6d4ae26166480992fc5ab74dab48f639cb5268c76d8997bc754df5b1f2ad3ce5",
    "https://esm.sh/v96/linkedom@0.14.16/types/esm/html/d-list-element.d.ts": "a7a2e26ced2012dbdfcdeec871b4d82bf1efa9999ee82bc926536ee45d80a1c6",
    "https://esm.sh/v96/linkedom@0.14.16/types/esm/html/data-element.d.ts": "12f3a09d7a498cf55a1a4cec066f70d1a93436b35b88514a5c7ab0ad770341e9",
    "https://esm.sh/v96/linkedom@0.14.16/types/esm/html/data-list-element.d.ts": "a7395992018e0c10f3d543a80eb67c37112e051e00dd5907d6d9c391141da805",
    "https://esm.sh/v96/linkedom@0.14.16/types/esm/html/details-element.d.ts": "6286d6da09f2dacac76dc6f8e4041756ab4b3505d621db36f5e2bac042d7e25d",
    "https://esm.sh/v96/linkedom@0.14.16/types/esm/html/directory-element.d.ts": "0a518d3d8cf7f11f1dd310e9e8f200f7042dd97aa852bc71af693cf4fa573f36",
    "https://esm.sh/v96/linkedom@0.14.16/types/esm/html/div-element.d.ts": "118d866590eb246b40615b1cc8074c66e4d7c412153db798c55f9c0a4f51636e",
    "https://esm.sh/v96/linkedom@0.14.16/types/esm/html/document.d.ts": "fc6fe89143f5950527dc99f9280a614c9ecd735f43fa01a20050a5c0cc5c6bff",
    "https://esm.sh/v96/linkedom@0.14.16/types/esm/html/element.d.ts": "e66e87b06a83e45cc84606cdc32ce9876edf92314098b449cc649f989cb1b251",
    "https://esm.sh/v96/linkedom@0.14.16/types/esm/html/embed-element.d.ts": "fc246c0748d16b67147e8c753a9b9fab44d4205ed1b49dce99d05cef2b590b12",
    "https://esm.sh/v96/linkedom@0.14.16/types/esm/html/field-set-element.d.ts": "28e314a5030ae5fe19cf4347400c852eba85b95c0127bbe84ed71dbb9cee0328",
    "https://esm.sh/v96/linkedom@0.14.16/types/esm/html/font-element.d.ts": "abdfc7c7470c0bd9fb126d20be30e0ef151814519f708545ea412fee4f6e3296",
    "https://esm.sh/v96/linkedom@0.14.16/types/esm/html/form-element.d.ts": "18ae8498ff895f67df10604361664c4d0a67a40db81a32b048a9ae62ec1b62b9",
    "https://esm.sh/v96/linkedom@0.14.16/types/esm/html/frame-element.d.ts": "c88c7e73b2964143160ec23b3af1b29850417e3a2ef0f01bdef721c59c50029c",
    "https://esm.sh/v96/linkedom@0.14.16/types/esm/html/frame-set-element.d.ts": "7eb75209ba210df7e94c8a9c9d36f5471b298cf2793208a2d73e8b43dbd91657",
    "https://esm.sh/v96/linkedom@0.14.16/types/esm/html/head-element.d.ts": "625bf945dc118e6f0fd12333229b0b1e29a8b9b691f69bd9c0c9dbd518f81c4d",
    "https://esm.sh/v96/linkedom@0.14.16/types/esm/html/heading-element.d.ts": "4ad75e197c314290cd046d98d9ad47c893d0d397061e064329eec9f84a7de433",
    "https://esm.sh/v96/linkedom@0.14.16/types/esm/html/hr-element.d.ts": "54c27af4acdbaa3f38530a133fc5ec0c83815d0ff113c8d63d8a3deb090d59af",
    "https://esm.sh/v96/linkedom@0.14.16/types/esm/html/html-element.d.ts": "dce00833bff283a3e87881732f8b695cb7482f653f94b89244bc2ce7c5961f05",
    "https://esm.sh/v96/linkedom@0.14.16/types/esm/html/i-frame-element.d.ts": "1bf5e3f36bb2722f490b59fbe8cae942fd98ec40a26308f2161c0bc6840c0ad1",
    "https://esm.sh/v96/linkedom@0.14.16/types/esm/html/image-element.d.ts": "ad0cdfff322512a09c24112d28b89f0e665185888ca3e7656503a6993eb80fd7",
    "https://esm.sh/v96/linkedom@0.14.16/types/esm/html/input-element.d.ts": "8bcaa496af61210a17afead57202877d85a02b8bd49a6d599c523554abec1857",
    "https://esm.sh/v96/linkedom@0.14.16/types/esm/html/label-element.d.ts": "5aa7ccd180c2c82bc7e91de763fa72045519cd3a6ce2fce2d2ac52c7614fdc37",
    "https://esm.sh/v96/linkedom@0.14.16/types/esm/html/legend-element.d.ts": "08961496114ecdb2b6ce94ba2a3ad6fe52347ef0259b71a51fadafb5071f4559",
    "https://esm.sh/v96/linkedom@0.14.16/types/esm/html/li-element.d.ts": "dbed42b386b14b5ad080fdeed5c8d52c863cf0ae79fd16dab12942570c869720",
    "https://esm.sh/v96/linkedom@0.14.16/types/esm/html/link-element.d.ts": "3d1128f1bd85f6a2ab609c9a4a54caf8da9b7bddd4da2e5d0a7a03915ac61078",
    "https://esm.sh/v96/linkedom@0.14.16/types/esm/html/map-element.d.ts": "ee8a122664f5e7937855242611e1d6f3aec6a12aa7776db16bfcf33471c1019d",
    "https://esm.sh/v96/linkedom@0.14.16/types/esm/html/marquee-element.d.ts": "2c514bf878714c18802c21a62a0f1a47eb934d7a0e084ab5a9fd1f368c7ca77e",
    "https://esm.sh/v96/linkedom@0.14.16/types/esm/html/media-element.d.ts": "692752290db080fd3fd61a484c723e27fa12e09cec860226c33f15f5dfd6eade",
    "https://esm.sh/v96/linkedom@0.14.16/types/esm/html/menu-element.d.ts": "938097501f10421adf13a58599dd45b2b85e859d204e69930148475f7f271261",
    "https://esm.sh/v96/linkedom@0.14.16/types/esm/html/meta-element.d.ts": "1a8700cdd03e1a07673b58f857b19abcdfeb42f713dfba428610279aa9065d88",
    "https://esm.sh/v96/linkedom@0.14.16/types/esm/html/meter-element.d.ts": "6b60ff238d9a07e1caa5ba3f672dcfa9dd223880b885791ba027671f895507c7",
    "https://esm.sh/v96/linkedom@0.14.16/types/esm/html/mod-element.d.ts": "a90121eb8c57de494645ae6e3157e56b89c6a591056c1ec86f4f8a71e45c417a",
    "https://esm.sh/v96/linkedom@0.14.16/types/esm/html/o-list-element.d.ts": "daa7c3a48cf33711ee9c8c865472234940d8c39fc2155e155810a27f30e3f72f",
    "https://esm.sh/v96/linkedom@0.14.16/types/esm/html/object-element.d.ts": "04c5591672ad18e8ed193b0910806cf44bba02acb7fc2fee5248c88bad31413a",
    "https://esm.sh/v96/linkedom@0.14.16/types/esm/html/opt-group-element.d.ts": "81862f0a756fdef5e4226bfa0e44a692aa0aa1c8356269c8922aeb39be0313b7",
    "https://esm.sh/v96/linkedom@0.14.16/types/esm/html/option-element.d.ts": "9fcd93910a7c4c045b2c1e57e7ff4f4fa83967781d6e134a33ae6916a898244e",
    "https://esm.sh/v96/linkedom@0.14.16/types/esm/html/output-element.d.ts": "afd533d5daeaa340896f9c86e73d7e09fa3713fe0cb18b735884edb86ac69c0a",
    "https://esm.sh/v96/linkedom@0.14.16/types/esm/html/paragraph-element.d.ts": "7960c75a2dd967b9ea64b86aebd8f8a462f396e5a770e9edadae10d7abbcd9c3",
    "https://esm.sh/v96/linkedom@0.14.16/types/esm/html/param-element.d.ts": "759f3e84e3754b60f13bedbaf8ce46babed258c3db83962f7d6baadceb6596b7",
    "https://esm.sh/v96/linkedom@0.14.16/types/esm/html/picture-element.d.ts": "d1f62e149cf25d0780bb461061c0f5cba1de4cdc33a7230fb098a546481345d6",
    "https://esm.sh/v96/linkedom@0.14.16/types/esm/html/pre-element.d.ts": "c2158d28051ff2aa37fd6afebbe4c924c3850558ff3781de102ff9cfca863836",
    "https://esm.sh/v96/linkedom@0.14.16/types/esm/html/progress-element.d.ts": "5d0489c331e2d7c0c0d1b0d5f2af97e31e2057541f8064b2ea52e54d69f4d8fa",
    "https://esm.sh/v96/linkedom@0.14.16/types/esm/html/quote-element.d.ts": "632a4b97dba3c766b772b484a8911aa8b07476d4c42be775b9ed35575fe3e4b1",
    "https://esm.sh/v96/linkedom@0.14.16/types/esm/html/script-element.d.ts": "33daccf0d6628606b374d49386e57db60ebb7cb12830a5e57a37fb756cb443bd",
    "https://esm.sh/v96/linkedom@0.14.16/types/esm/html/select-element.d.ts": "6174d8200a4832dcede01bb4800db551b5e0c722f7dd26839de07459413e38ea",
    "https://esm.sh/v96/linkedom@0.14.16/types/esm/html/slot-element.d.ts": "f999de45d259f653704bfd15658657ebe490580f91ac186c384a9b5c552d51bd",
    "https://esm.sh/v96/linkedom@0.14.16/types/esm/html/source-element.d.ts": "86c50009cce58291eb3d31db5f5f1ffd1cf97fd492339e698e8310f7b047695c",
    "https://esm.sh/v96/linkedom@0.14.16/types/esm/html/span-element.d.ts": "bff95167f92ba81a026c00f24ad1201a4189b5ac3c18fdaf77f756e870f26b43",
    "https://esm.sh/v96/linkedom@0.14.16/types/esm/html/style-element.d.ts": "d8c64b600cb250bd526e27dc836b1cabb7c51ed5aca763b229962db625486203",
    "https://esm.sh/v96/linkedom@0.14.16/types/esm/html/table-caption-element.d.ts": "6f263985ce6576dbebbe14e158438681a8aae1137a5db2a6916b0d69400fa010",
    "https://esm.sh/v96/linkedom@0.14.16/types/esm/html/table-cell-element.d.ts": "713525429c03310678949df4b38e32af3d5b3dd82663e4ee19b611b235ad9c28",
    "https://esm.sh/v96/linkedom@0.14.16/types/esm/html/table-element.d.ts": "551cd35d7365e942d2e0cb9e079f8e7721d425e9b804b980a2d2c3585db3f8ec",
    "https://esm.sh/v96/linkedom@0.14.16/types/esm/html/table-row-element.d.ts": "a8ce834d27f9fb61dfc67f03fb904be8bd9e28264b7370984c775f2f387b3733",
    "https://esm.sh/v96/linkedom@0.14.16/types/esm/html/template-element.d.ts": "72f70880b9969dd95caafeedb41f4bc81eed973225eeee246d5443b0d0a47d6c",
    "https://esm.sh/v96/linkedom@0.14.16/types/esm/html/text-area-element.d.ts": "e39590b80494126fbc210e824e72c4017db141803c040d852d7e4d516e9a8524",
    "https://esm.sh/v96/linkedom@0.14.16/types/esm/html/text-element.d.ts": "e63bdaf90cb0e0e6aadd561138c10b5af0b439731c30bee08b8aedac8f6e128d",
    "https://esm.sh/v96/linkedom@0.14.16/types/esm/html/time-element.d.ts": "d48e2ae898d80d511df518542eb8b0338de692ce0337e650a10db24340c43be4",
    "https://esm.sh/v96/linkedom@0.14.16/types/esm/html/title-element.d.ts": "e81579998e8268a3653cdf2dc90dccdd572bfcb5644e5f1a32bb1aa107db853c",
    "https://esm.sh/v96/linkedom@0.14.16/types/esm/html/track-element.d.ts": "63fba63c9504f130734bfba63ab3ff54e51b45234d2283367b854cdc82ad45e2",
    "https://esm.sh/v96/linkedom@0.14.16/types/esm/html/u-list-element.d.ts": "bd62f62d2463032396e3f1419a8b5ddfb220fadcddedf7129f87fc2f7ef86e73",
    "https://esm.sh/v96/linkedom@0.14.16/types/esm/html/unknown-element.d.ts": "0c41fb108a65b6342e96d7c99fea70a22c5fbc6c7ddbf4bb030a565fd8d87ad8",
    "https://esm.sh/v96/linkedom@0.14.16/types/esm/html/video-element.d.ts": "ba3ee0bc838d5f3e73f046ecf6c283429c54119b291d23ef8680628b377895fa",
    "https://esm.sh/v96/linkedom@0.14.16/types/esm/index.d.ts": "58d4397286fc0a6f5d8c3d6578856ef224be4e2a20454a010cfdb51715b4f3cd",
    "https://esm.sh/v96/linkedom@0.14.16/types/esm/interface/attr.d.ts": "e482a921ee1d52a58d0a6a38b0ae809d56f0337c0af00dead493a1dbedf0b84b",
    "https://esm.sh/v96/linkedom@0.14.16/types/esm/interface/character-data.d.ts": "ca4fa979cbda03fb04c3750e622e25f1de9f6105c6f5edbe605d613f38d55a7d",
    "https://esm.sh/v96/linkedom@0.14.16/types/esm/interface/comment.d.ts": "41e605477ec2351afd251bebc0f6fe4d70626d02b0bcbee14155fbae406896ef",
    "https://esm.sh/v96/linkedom@0.14.16/types/esm/interface/custom-event.d.ts": "602e060b6aa63bf2d372e754e39108a040c5d4031442f1e614e0d75ed99c311e",
    "https://esm.sh/v96/linkedom@0.14.16/types/esm/interface/document-fragment.d.ts": "d12fc6d3ddb81992d887421afb0eb8b2733a54242861e617f71020a8282349d2",
    "https://esm.sh/v96/linkedom@0.14.16/types/esm/interface/document-type.d.ts": "ba234f9e4fe4cf16982a99e2f4ac94403b7c08056c20b741fb30acfdcc6c4936",
    "https://esm.sh/v96/linkedom@0.14.16/types/esm/interface/document.d.ts": "7c97ad5c03ee08a8d30f38ab5f62cf5c4ee8cd5bb6b92736dcc7aa76c1b744ab",
    "https://esm.sh/v96/linkedom@0.14.16/types/esm/interface/element.d.ts": "37defcced20532b3c232a6c7998b2d46b143652266210bbb2b7571442786d15f",
    "https://esm.sh/v96/linkedom@0.14.16/types/esm/interface/event-target.d.ts": "9e62fe82312dbc8a6b9d19646b0c725e9261d04368f3ea79466dc6a3aee5631c",
    "https://esm.sh/v96/linkedom@0.14.16/types/esm/interface/event.d.ts": "d3fcbd9d89fe1774e5f5fee11b6bf9d3ec5da6b1aede32777f8cc6dc4b91c4b7",
    "https://esm.sh/v96/linkedom@0.14.16/types/esm/interface/input-event.d.ts": "35d488c8642c7411a344cf987efe3bd4db8f3c03796366e21d5bbc2a0f9732f3",
    "https://esm.sh/v96/linkedom@0.14.16/types/esm/interface/node-filter.d.ts": "2bd69d15b31d736ae79b7eaf1ef7c3afafbfc06b133834ff7bcc32392e6532ca",
    "https://esm.sh/v96/linkedom@0.14.16/types/esm/interface/node-list.d.ts": "f863a5b544f2d8d87aeaa3ec7afa3b02e212f5dfc066aebf41baba35696a6ea1",
    "https://esm.sh/v96/linkedom@0.14.16/types/esm/interface/node.d.ts": "3ad81885b5715bdfea5e891a9eb3b2ec41e35b945dcffed14d9d44ce91e1119e",
    "https://esm.sh/v96/linkedom@0.14.16/types/esm/interface/range.d.ts": "c8a3032c9efbb99774c822b9eb6c070f5c6be3accd34bba638213d5235ad3f9d",
    "https://esm.sh/v96/linkedom@0.14.16/types/esm/interface/shadow-root.d.ts": "96529a699f5f89854afd85d7459b35d74fa11518d0ca22cb5d32e302319fb5d3",
    "https://esm.sh/v96/linkedom@0.14.16/types/esm/interface/text.d.ts": "11683771207a5278618f0c35b426032a928e3bf1ce0537e394ec280a84a33785",
    "https://esm.sh/v96/linkedom@0.14.16/types/esm/interface/tree-walker.d.ts": "9c5bcc71b93f1ad7eff8e2bf507be72bb2955a11eab51a207c92cf12c8930ce6",
    "https://esm.sh/v96/linkedom@0.14.16/types/esm/mixin/non-element-parent-node.d.ts": "1d683e9ccbed8b6fbcd13a888edadec24b34637ea2fed0a699d74fff2d292b2e",
    "https://esm.sh/v96/linkedom@0.14.16/types/esm/mixin/parent-node.d.ts": "362df767f8769e15556b98bf28ec28ba2c015bc83920a234adb2c19f82352f9c",
    "https://esm.sh/v96/linkedom@0.14.16/types/esm/shared/constants.d.ts": "8bea98798af7f562283dccbeb08d54c8f2189cccd39e14780a5fda38186562c3",
    "https://esm.sh/v96/linkedom@0.14.16/types/esm/shared/facades.d.ts": "778b38f730bbe14613ba523dc27acaf9f7e9e2c2b3ce55f8aefc0d9feec7530a",
    "https://esm.sh/v96/linkedom@0.14.16/types/esm/shared/html-classes.d.ts": "ce71e0198a0e2604d3970a78d96a5335f48ec02ed9bebed4bde35ae1647110c2",
    "https://esm.sh/v96/linkedom@0.14.16/types/esm/shared/parse-json.d.ts": "05795e5530dbb90eed84938242a49d94588e6b4cedad1396f6867ebba1de3671",
    "https://esm.sh/v96/linkedom@0.14.16/types/esm/shared/symbols.d.ts": "0c2d4f2518cfea21985c2640c8d9d465746481bb9cfbabfcd75e5f7fbeab3a64",
    "https://esm.sh/v96/linkedom@0.14.16/types/esm/svg/document.d.ts": "f2600431b63e35ed333bc824816f43a5b037407e79d1f031004f8bea892eea41",
    "https://esm.sh/v96/linkedom@0.14.16/types/esm/svg/element.d.ts": "c4995ccffb6cfece153fde1ed04abb6ed195e834ea2c5126f15fa7d9b3667030",
    "https://esm.sh/v96/linkedom@0.14.16/types/esm/xml/document.d.ts": "6ba70daf6c217340e7d49cd4789f68563a11d4e4116019454ebc57960a38cc5e",
    "https://esm.sh/v96/nth-check@2.1.1/deno/nth-check.js": "833e7ffafe43bdcb303074414eebbb45868f68c387c9ddc337e281453fca7f44",
    "https://esm.sh/v96/uhyphen@0.1.0/deno/uhyphen.js": "05a78ded7abcd93e04fed282d654f9fa316f8a576753a9c79a9b150d531821ea",
    "https://raw.githubusercontent.com/parcel-bundler/lightningcss/v1.14.0/node/index.d.ts": "c512474ad2fa88d1b9b861ebc57777f89be54500466a0e036b3bb84398acc1e2",
    "https://unpkg.com/lightningcss-wasm@1.14.0/browserslistToTargets.js": "9f4353a4750e014a5a4ccff03b0ab9f306961f7ce34de8f396e7a06f70ecde97",
    "https://unpkg.com/lightningcss-wasm@1.14.0/index.js": "a606086cd57f9ab807dfb7d53b6d67a686893266fbfc6d316815559c74f1d3ed",
    "https://unpkg.com/lightningcss-wasm@1.14.0/lightningcss_node.js": "91e320011406d06d403de9d36ac9cfc3c52a515957fde2122e796a5cfc0fd4ed"
  }
}
